
Microsoft Visual Studio Solution File, Format Version 12.00
# Visual Studio Version 17
VisualStudioVersion = 17.4.33110.190
MinimumVisualStudioVersion = 10.0.40219.1
Project("{9A19103F-16F7-4668-BE54-9A1E7A4F7556}") = "CompanyEmployees", "CompanyEmployees\CompanyEmployees.csproj", "{9CD4B2AA-B913-45C2-838F-C5DF4C48A85C}"
EndProject
Project("{9A19103F-16F7-4668-BE54-9A1E7A4F7556}") = "Contracts", "Contracts\Contracts.csproj", "{E7B1894C-A13E-4785-AF9B-27BF68679058}"
EndProject
Project("{9A19103F-16F7-4668-BE54-9A1E7A4F7556}") = "LoggerService", "LoggerService\LoggerService.csproj", "{AD663186-CFC5-4AB6-8F44-AC726FBAAB5E}"
EndProject
Project("{9A19103F-16F7-4668-BE54-9A1E7A4F7556}") = "Entities", "Entities\Entities.csproj", "{52A9F1FF-7E28-4F47-A757-B02589202DE5}"
EndProject
Project("{9A19103F-16F7-4668-BE54-9A1E7A4F7556}") = "Repository", "Repository\Repository.csproj", "{5E4293FB-A904-4B93-B8EF-B473FBA22635}"
EndProject
Project("{9A19103F-16F7-4668-BE54-9A1E7A4F7556}") = "Service.Contracts", "Service.Contracts\Service.Contracts.csproj", "{6D6E269A-0545-4EC3-B790-A340312E297D}"
EndProject
Project("{9A19103F-16F7-4668-BE54-9A1E7A4F7556}") = "Service", "Service\Service.csproj", "{1224E8D0-8C06-4EB6-834A-FBC07ECC610E}"
EndProject
Project("{FAE04EC0-301F-11D3-BF4B-00C04F79EFBC}") = "CompanyEmployees.Presentation", "CompanyEmployees.Presentation\CompanyEmployees.Presentation.csproj", "{D36FAD12-F3B7-477E-A793-508A4B01B71C}"
EndProject
Project("{FAE04EC0-301F-11D3-BF4B-00C04F79EFBC}") = "Shared", "Shared\Shared.csproj", "{94921829-AD17-4563-82E7-8AFA964AEEDD}"
EndProject
Global
	GlobalSection(SolutionConfigurationPlatforms) = preSolution
		Debug|Any CPU = Debug|Any CPU
		Release|Any CPU = Release|Any CPU
	EndGlobalSection
	GlobalSection(ProjectConfigurationPlatforms) = postSolution
		{9CD4B2AA-B913-45C2-838F-C5DF4C48A85C}.Debug|Any CPU.ActiveCfg = Debug|Any CPU
		{9CD4B2AA-B913-45C2-838F-C5DF4C48A85C}.Debug|Any CPU.Build.0 = Debug|Any CPU
		{9CD4B2AA-B913-45C2-838F-C5DF4C48A85C}.Release|Any CPU.ActiveCfg = Release|Any CPU
		{9CD4B2AA-B913-45C2-838F-C5DF4C48A85C}.Release|Any CPU.Build.0 = Release|Any CPU
		{E7B1894C-A13E-4785-AF9B-27BF68679058}.Debug|Any CPU.ActiveCfg = Debug|Any CPU
		{E7B1894C-A13E-4785-AF9B-27BF68679058}.Debug|Any CPU.Build.0 = Debug|Any CPU
		{E7B1894C-A13E-4785-AF9B-27BF68679058}.Release|Any CPU.ActiveCfg = Release|Any CPU
		{E7B1894C-A13E-4785-AF9B-27BF68679058}.Release|Any CPU.Build.0 = Release|Any CPU
		{AD663186-CFC5-4AB6-8F44-AC726FBAAB5E}.Debug|Any CPU.ActiveCfg = Debug|Any CPU
		{AD663186-CFC5-4AB6-8F44-AC726FBAAB5E}.Debug|Any CPU.Build.0 = Debug|Any CPU
		{AD663186-CFC5-4AB6-8F44-AC726FBAAB5E}.Release|Any CPU.ActiveCfg = Release|Any CPU
		{AD663186-CFC5-4AB6-8F44-AC726FBAAB5E}.Release|Any CPU.Build.0 = Release|Any CPU
		{52A9F1FF-7E28-4F47-A757-B02589202DE5}.Debug|Any CPU.ActiveCfg = Debug|Any CPU
		{52A9F1FF-7E28-4F47-A757-B02589202DE5}.Debug|Any CPU.Build.0 = Debug|Any CPU
		{52A9F1FF-7E28-4F47-A757-B02589202DE5}.Release|Any CPU.ActiveCfg = Release|Any CPU
		{52A9F1FF-7E28-4F47-A757-B02589202DE5}.Release|Any CPU.Build.0 = Release|Any CPU
		{5E4293FB-A904-4B93-B8EF-B473FBA22635}.Debug|Any CPU.ActiveCfg = Debug|Any CPU
		{5E4293FB-A904-4B93-B8EF-B473FBA22635}.Debug|Any CPU.Build.0 = Debug|Any CPU
		{5E4293FB-A904-4B93-B8EF-B473FBA22635}.Release|Any CPU.ActiveCfg = Release|Any CPU
		{5E4293FB-A904-4B93-B8EF-B473FBA22635}.Release|Any CPU.Build.0 = Release|Any CPU
		{6D6E269A-0545-4EC3-B790-A340312E297D}.Debug|Any CPU.ActiveCfg = Debug|Any CPU
		{6D6E269A-0545-4EC3-B790-A340312E297D}.Debug|Any CPU.Build.0 = Debug|Any CPU
		{6D6E269A-0545-4EC3-B790-A340312E297D}.Release|Any CPU.ActiveCfg = Release|Any CPU
		{6D6E269A-0545-4EC3-B790-A340312E297D}.Release|Any CPU.Build.0 = Release|Any CPU
		{1224E8D0-8C06-4EB6-834A-FBC07ECC610E}.Debug|Any CPU.ActiveCfg = Debug|Any CPU
		{1224E8D0-8C06-4EB6-834A-FBC07ECC610E}.Debug|Any CPU.Build.0 = Debug|Any CPU
		{1224E8D0-8C06-4EB6-834A-FBC07ECC610E}.Release|Any CPU.ActiveCfg = Release|Any CPU
		{1224E8D0-8C06-4EB6-834A-FBC07ECC610E}.Release|Any CPU.Build.0 = Release|Any CPU
		{D36FAD12-F3B7-477E-A793-508A4B01B71C}.Debug|Any CPU.ActiveCfg = Debug|Any CPU
		{D36FAD12-F3B7-477E-A793-508A4B01B71C}.Debug|Any CPU.Build.0 = Debug|Any CPU
		{D36FAD12-F3B7-477E-A793-508A4B01B71C}.Release|Any CPU.ActiveCfg = Release|Any CPU
		{D36FAD12-F3B7-477E-A793-508A4B01B71C}.Release|Any CPU.Build.0 = Release|Any CPU
		{94921829-AD17-4563-82E7-8AFA964AEEDD}.Debug|Any CPU.ActiveCfg = Debug|Any CPU
		{94921829-AD17-4563-82E7-8AFA964AEEDD}.Debug|Any CPU.Build.0 = Debug|Any CPU
		{94921829-AD17-4563-82E7-8AFA964AEEDD}.Release|Any CPU.ActiveCfg = Release|Any CPU
		{94921829-AD17-4563-82E7-8AFA964AEEDD}.Release|Any CPU.Build.0 = Release|Any CPU
	EndGlobalSection
	GlobalSection(SolutionProperties) = preSolution
		HideSolutionNode = FALSE
	EndGlobalSection
	GlobalSection(ExtensibilityGlobals) = postSolution
		SolutionGuid = {4A00F16C-D8DF-418D-9CEB-DEAB9E88DC90}
	EndGlobalSection
EndGlobal
